
Microsoft Visual Studio Solution File, Format Version 12.00
# Visual Studio Version 16
VisualStudioVersion = 16.0.31105.61
MinimumVisualStudioVersion = 10.0.40219.1
Project("{FAE04EC0-301F-11D3-BF4B-00C04F79EFBC}") = "EmailAPI", "EmailAPI.csproj", "{011566FB-CAC6-4FFC-8100-15DDEE643BBA}"
EndProject
Global
	GlobalSection(SolutionConfigurationPlatforms) = preSolution
		Debug|Any CPU = Debug|Any CPU
		Release|Any CPU = Release|Any CPU
	EndGlobalSection
	GlobalSection(ProjectConfigurationPlatforms) = postSolution
		{011566FB-CAC6-4FFC-8100-15DDEE643BBA}.Debug|Any CPU.ActiveCfg = Debug|Any CPU
		{011566FB-CAC6-4FFC-8100-15DDEE643BBA}.Debug|Any CPU.Build.0 = Debug|Any CPU
		{011566FB-CAC6-4FFC-8100-15DDEE643BBA}.Release|Any CPU.ActiveCfg = Release|Any CPU
		{011566FB-CAC6-4FFC-8100-15DDEE643BBA}.Release|Any CPU.Build.0 = Release|Any CPU
	EndGlobalSection
	GlobalSection(SolutionProperties) = preSolution
		HideSolutionNode = FALSE
	EndGlobalSection
	GlobalSection(ExtensibilityGlobals) = postSolution
		SolutionGuid = {05FF9445-1DE2-40CF-842B-1037DDA784F8}
	EndGlobalSection
EndGlobal
